
Microsoft Visual Studio Solution File, Format Version 12.00
Project("{FAE04EC0-301F-11D3-BF4B-00C04F79EFBC}") = "WebApplication1", "WebApplication1\WebApplication1.csproj", "{B0FE5210-8918-4496-AB6C-543EAB1561FC}"
EndProject
Global
	GlobalSection(SolutionConfigurationPlatforms) = preSolution
		Debug|Any CPU = Debug|Any CPU
		Release|Any CPU = Release|Any CPU
	EndGlobalSection
	GlobalSection(ProjectConfigurationPlatforms) = postSolution
		{B0FE5210-8918-4496-AB6C-543EAB1561FC}.Debug|Any CPU.ActiveCfg = Debug|Any CPU
		{B0FE5210-8918-4496-AB6C-543EAB1561FC}.Debug|Any CPU.Build.0 = Debug|Any CPU
		{B0FE5210-8918-4496-AB6C-543EAB1561FC}.Release|Any CPU.ActiveCfg = Release|Any CPU
		{B0FE5210-8918-4496-AB6C-543EAB1561FC}.Release|Any CPU.Build.0 = Release|Any CPU
	EndGlobalSection
EndGlobal
